<?xml version="1.0" encoding="UTF-8"?>
<Project ToolsVersion="14.0" xmlns="http://schemas.microsoft.com/developer/msbuild/2003">
  <ItemGroup>
    <CustomBuild Include="D:\haomaiyi\ncnn-win\build_vs2015\CMakeFiles\790d686dbe57763ea0cab9bd6b404d65\INSTALL_force.rule">
      <Filter>CMake Rules</Filter>
    </CustomBuild>
  </ItemGroup>
  <ItemGroup>
    <Filter Include="CMake Rules">
      <UniqueIdentifier>{81200EDF-8280-3C59-A22B-669EFE162C89}</UniqueIdentifier>
    </Filter>
  </ItemGroup>
</Project>
