<?xml version="1.0" encoding="UTF-8"?>
<Project ToolsVersion="14.0" xmlns="http://schemas.microsoft.com/developer/msbuild/2003">
  <ItemGroup>
    <ClCompile Include="D:\haomaiyi\ncnn-win\src\blob.cpp">
      <Filter>Source Files</Filter>
    </ClCompile>
    <ClCompile Include="D:\haomaiyi\ncnn-win\src\cpu.cpp">
      <Filter>Source Files</Filter>
    </ClCompile>
    <ClCompile Include="D:\haomaiyi\ncnn-win\src\layer.cpp">
      <Filter>Source Files</Filter>
    </ClCompile>
    <ClCompile Include="D:\haomaiyi\ncnn-win\src\mat.cpp">
      <Filter>Source Files</Filter>
    </ClCompile>
    <ClCompile Include="D:\haomaiyi\ncnn-win\src\mat_pixel.cpp">
      <Filter>Source Files</Filter>
    </ClCompile>
    <ClCompile Include="D:\haomaiyi\ncnn-win\src\modelbin.cpp">
      <Filter>Source Files</Filter>
    </ClCompile>
    <ClCompile Include="D:\haomaiyi\ncnn-win\src\net.cpp">
      <Filter>Source Files</Filter>
    </ClCompile>
    <ClCompile Include="D:\haomaiyi\ncnn-win\src\opencv.cpp">
      <Filter>Source Files</Filter>
    </ClCompile>
    <ClCompile Include="D:\haomaiyi\ncnn-win\src\paramdict.cpp">
      <Filter>Source Files</Filter>
    </ClCompile>
    <ClCompile Include="D:\haomaiyi\ncnn-win\src\benchmark.cpp">
      <Filter>Source Files</Filter>
    </ClCompile>
    <ClCompile Include="D:\haomaiyi\ncnn-win\src\layer\absval.cpp">
      <Filter>Source Files</Filter>
    </ClCompile>
    <ClCompile Include="D:\haomaiyi\ncnn-win\src\layer\batchnorm.cpp">
      <Filter>Source Files</Filter>
    </ClCompile>
    <ClCompile Include="D:\haomaiyi\ncnn-win\src\layer\bias.cpp">
      <Filter>Source Files</Filter>
    </ClCompile>
    <ClCompile Include="D:\haomaiyi\ncnn-win\src\layer\bnll.cpp">
      <Filter>Source Files</Filter>
    </ClCompile>
    <ClCompile Include="D:\haomaiyi\ncnn-win\src\layer\concat.cpp">
      <Filter>Source Files</Filter>
    </ClCompile>
    <ClCompile Include="D:\haomaiyi\ncnn-win\src\layer\convolution.cpp">
      <Filter>Source Files</Filter>
    </ClCompile>
    <ClCompile Include="D:\haomaiyi\ncnn-win\src\layer\x86\convolution_x86.cpp">
      <Filter>Source Files</Filter>
    </ClCompile>
    <ClCompile Include="D:\haomaiyi\ncnn-win\src\layer\crop.cpp">
      <Filter>Source Files</Filter>
    </ClCompile>
    <ClCompile Include="D:\haomaiyi\ncnn-win\src\layer\deconvolution.cpp">
      <Filter>Source Files</Filter>
    </ClCompile>
    <ClCompile Include="D:\haomaiyi\ncnn-win\src\layer\dropout.cpp">
      <Filter>Source Files</Filter>
    </ClCompile>
    <ClCompile Include="D:\haomaiyi\ncnn-win\src\layer\eltwise.cpp">
      <Filter>Source Files</Filter>
    </ClCompile>
    <ClCompile Include="D:\haomaiyi\ncnn-win\src\layer\elu.cpp">
      <Filter>Source Files</Filter>
    </ClCompile>
    <ClCompile Include="D:\haomaiyi\ncnn-win\src\layer\embed.cpp">
      <Filter>Source Files</Filter>
    </ClCompile>
    <ClCompile Include="D:\haomaiyi\ncnn-win\src\layer\exp.cpp">
      <Filter>Source Files</Filter>
    </ClCompile>
    <ClCompile Include="D:\haomaiyi\ncnn-win\src\layer\flatten.cpp">
      <Filter>Source Files</Filter>
    </ClCompile>
    <ClCompile Include="D:\haomaiyi\ncnn-win\src\layer\innerproduct.cpp">
      <Filter>Source Files</Filter>
    </ClCompile>
    <ClCompile Include="D:\haomaiyi\ncnn-win\src\layer\input.cpp">
      <Filter>Source Files</Filter>
    </ClCompile>
    <ClCompile Include="D:\haomaiyi\ncnn-win\src\layer\log.cpp">
      <Filter>Source Files</Filter>
    </ClCompile>
    <ClCompile Include="D:\haomaiyi\ncnn-win\src\layer\lrn.cpp">
      <Filter>Source Files</Filter>
    </ClCompile>
    <ClCompile Include="D:\haomaiyi\ncnn-win\src\layer\memorydata.cpp">
      <Filter>Source Files</Filter>
    </ClCompile>
    <ClCompile Include="D:\haomaiyi\ncnn-win\src\layer\mvn.cpp">
      <Filter>Source Files</Filter>
    </ClCompile>
    <ClCompile Include="D:\haomaiyi\ncnn-win\src\layer\pooling.cpp">
      <Filter>Source Files</Filter>
    </ClCompile>
    <ClCompile Include="D:\haomaiyi\ncnn-win\src\layer\power.cpp">
      <Filter>Source Files</Filter>
    </ClCompile>
    <ClCompile Include="D:\haomaiyi\ncnn-win\src\layer\prelu.cpp">
      <Filter>Source Files</Filter>
    </ClCompile>
    <ClCompile Include="D:\haomaiyi\ncnn-win\src\layer\proposal.cpp">
      <Filter>Source Files</Filter>
    </ClCompile>
    <ClCompile Include="D:\haomaiyi\ncnn-win\src\layer\reduction.cpp">
      <Filter>Source Files</Filter>
    </ClCompile>
    <ClCompile Include="D:\haomaiyi\ncnn-win\src\layer\relu.cpp">
      <Filter>Source Files</Filter>
    </ClCompile>
    <ClCompile Include="D:\haomaiyi\ncnn-win\src\layer\reshape.cpp">
      <Filter>Source Files</Filter>
    </ClCompile>
    <ClCompile Include="D:\haomaiyi\ncnn-win\src\layer\roipooling.cpp">
      <Filter>Source Files</Filter>
    </ClCompile>
    <ClCompile Include="D:\haomaiyi\ncnn-win\src\layer\scale.cpp">
      <Filter>Source Files</Filter>
    </ClCompile>
    <ClCompile Include="D:\haomaiyi\ncnn-win\src\layer\sigmoid.cpp">
      <Filter>Source Files</Filter>
    </ClCompile>
    <ClCompile Include="D:\haomaiyi\ncnn-win\src\layer\slice.cpp">
      <Filter>Source Files</Filter>
    </ClCompile>
    <ClCompile Include="D:\haomaiyi\ncnn-win\src\layer\softmax.cpp">
      <Filter>Source Files</Filter>
    </ClCompile>
    <ClCompile Include="D:\haomaiyi\ncnn-win\src\layer\split.cpp">
      <Filter>Source Files</Filter>
    </ClCompile>
    <ClCompile Include="D:\haomaiyi\ncnn-win\src\layer\tanh.cpp">
      <Filter>Source Files</Filter>
    </ClCompile>
    <ClCompile Include="D:\haomaiyi\ncnn-win\src\layer\threshold.cpp">
      <Filter>Source Files</Filter>
    </ClCompile>
    <ClCompile Include="D:\haomaiyi\ncnn-win\src\layer\binaryop.cpp">
      <Filter>Source Files</Filter>
    </ClCompile>
    <ClCompile Include="D:\haomaiyi\ncnn-win\src\layer\unaryop.cpp">
      <Filter>Source Files</Filter>
    </ClCompile>
    <ClCompile Include="D:\haomaiyi\ncnn-win\src\layer\convolutiondepthwise.cpp">
      <Filter>Source Files</Filter>
    </ClCompile>
    <ClCompile Include="D:\haomaiyi\ncnn-win\src\layer\x86\convolutiondepthwise_x86.cpp">
      <Filter>Source Files</Filter>
    </ClCompile>
    <ClCompile Include="D:\haomaiyi\ncnn-win\src\layer\padding.cpp">
      <Filter>Source Files</Filter>
    </ClCompile>
    <ClCompile Include="D:\haomaiyi\ncnn-win\src\layer\squeeze.cpp">
      <Filter>Source Files</Filter>
    </ClCompile>
    <ClCompile Include="D:\haomaiyi\ncnn-win\src\layer\expanddims.cpp">
      <Filter>Source Files</Filter>
    </ClCompile>
    <ClCompile Include="D:\haomaiyi\ncnn-win\src\layer\normalize.cpp">
      <Filter>Source Files</Filter>
    </ClCompile>
    <ClCompile Include="D:\haomaiyi\ncnn-win\src\layer\permute.cpp">
      <Filter>Source Files</Filter>
    </ClCompile>
    <ClCompile Include="D:\haomaiyi\ncnn-win\src\layer\priorbox.cpp">
      <Filter>Source Files</Filter>
    </ClCompile>
    <ClCompile Include="D:\haomaiyi\ncnn-win\src\layer\detectionoutput.cpp">
      <Filter>Source Files</Filter>
    </ClCompile>
    <ClCompile Include="D:\haomaiyi\ncnn-win\src\layer\interp.cpp">
      <Filter>Source Files</Filter>
    </ClCompile>
    <ClCompile Include="D:\haomaiyi\ncnn-win\src\layer\deconvolutiondepthwise.cpp">
      <Filter>Source Files</Filter>
    </ClCompile>
    <ClCompile Include="D:\haomaiyi\ncnn-win\src\layer\shufflechannel.cpp">
      <Filter>Source Files</Filter>
    </ClCompile>
    <ClCompile Include="D:\haomaiyi\ncnn-win\src\layer\instancenorm.cpp">
      <Filter>Source Files</Filter>
    </ClCompile>
    <ClCompile Include="D:\haomaiyi\ncnn-win\src\layer\clip.cpp">
      <Filter>Source Files</Filter>
    </ClCompile>
  </ItemGroup>
  <ItemGroup>
    <CustomBuild Include="D:\haomaiyi\ncnn-win\src\CMakeLists.txt" />
  </ItemGroup>
  <ItemGroup>
    <Filter Include="Source Files">
      <UniqueIdentifier>{4453C89D-26AC-3620-8119-CF92C9C6A105}</UniqueIdentifier>
    </Filter>
  </ItemGroup>
</Project>
